
Microsoft Visual Studio Solution File, Format Version 12.00
# Visual Studio 15
VisualStudioVersion = 15.0.27703.2018
MinimumVisualStudioVersion = 10.0.40219.1
Project("{FAE04EC0-301F-11D3-BF4B-00C04F79EFBC}") = "PebbleRipper3", "PebbleRipper3\PebbleRipper3.csproj", "{A81D8B79-5F10-4BE3-8A63-44D5A0E3B991}"
EndProject
Global
	GlobalSection(SolutionConfigurationPlatforms) = preSolution
		Debug|Any CPU = Debug|Any CPU
		Release|Any CPU = Release|Any CPU
	EndGlobalSection
	GlobalSection(ProjectConfigurationPlatforms) = postSolution
		{A81D8B79-5F10-4BE3-8A63-44D5A0E3B991}.Debug|Any CPU.ActiveCfg = Debug|Any CPU
		{A81D8B79-5F10-4BE3-8A63-44D5A0E3B991}.Debug|Any CPU.Build.0 = Debug|Any CPU
		{A81D8B79-5F10-4BE3-8A63-44D5A0E3B991}.Release|Any CPU.ActiveCfg = Release|Any CPU
		{A81D8B79-5F10-4BE3-8A63-44D5A0E3B991}.Release|Any CPU.Build.0 = Release|Any CPU
	EndGlobalSection
	GlobalSection(SolutionProperties) = preSolution
		HideSolutionNode = FALSE
	EndGlobalSection
	GlobalSection(ExtensibilityGlobals) = postSolution
		SolutionGuid = {2C0E6810-A395-4B01-AA38-393BA162B820}
	EndGlobalSection
EndGlobal
